
Microsoft Visual Studio Solution File, Format Version 12.00
# Visual Studio Version 17
VisualStudioVersion = 17.6.33723.286
MinimumVisualStudioVersion = 10.0.40219.1
Project("{FAE04EC0-301F-11D3-BF4B-00C04F79EFBC}") = "Wrapped Chicken", "Wrapped Chicken\Wrapped Chicken.csproj", "{0367C86C-551F-4962-941A-A3F0F97C78D8}"
EndProject
Project("{54435603-DBB4-11D2-8724-00A0C9A8B90C}") = "Wrapped Chicken", "Wrapped Chicken\Wrapped Chicken\Wrapped Chicken\Wrapped Chicken.vdproj", "{66514D6D-C3D1-4566-B576-6A2B73F13491}"
EndProject
Global
	GlobalSection(SolutionConfigurationPlatforms) = preSolution
		Debug|Any CPU = Debug|Any CPU
		Release|Any CPU = Release|Any CPU
	EndGlobalSection
	GlobalSection(ProjectConfigurationPlatforms) = postSolution
		{0367C86C-551F-4962-941A-A3F0F97C78D8}.Debug|Any CPU.ActiveCfg = Debug|Any CPU
		{0367C86C-551F-4962-941A-A3F0F97C78D8}.Debug|Any CPU.Build.0 = Debug|Any CPU
		{0367C86C-551F-4962-941A-A3F0F97C78D8}.Release|Any CPU.ActiveCfg = Release|Any CPU
		{0367C86C-551F-4962-941A-A3F0F97C78D8}.Release|Any CPU.Build.0 = Release|Any CPU
		{66514D6D-C3D1-4566-B576-6A2B73F13491}.Debug|Any CPU.ActiveCfg = Debug
		{66514D6D-C3D1-4566-B576-6A2B73F13491}.Release|Any CPU.ActiveCfg = Release
	EndGlobalSection
	GlobalSection(SolutionProperties) = preSolution
		HideSolutionNode = FALSE
	EndGlobalSection
	GlobalSection(ExtensibilityGlobals) = postSolution
		SolutionGuid = {EDDC594D-0A8E-4566-AE50-EB473866D3BC}
	EndGlobalSection
EndGlobal
